
Microsoft Visual Studio Solution File, Format Version 12.00
# Visual Studio 15
VisualStudioVersion = 15.0.28307.645
MinimumVisualStudioVersion = 10.0.40219.1
Project("{FAE04EC0-301F-11D3-BF4B-00C04F79EFBC}") = "Core.Api.DataAccess.Contract", "Core.Api.DataAccess.Contract\Core.Api.DataAccess.Contract.csproj", "{18467602-842F-4CFC-9F64-DEF5B0DCC4CF}"
EndProject
Project("{2150E333-8FDC-42A3-9474-1A3956D46DE8}") = "Source", "Source", "{A53BEDBE-1683-40FE-A9F1-F0019CA2FCD5}"
EndProject
Project("{2150E333-8FDC-42A3-9474-1A3956D46DE8}") = "1. Layers", "1. Layers", "{D64FC64C-2650-4E94-99D3-0BD4F514C118}"
EndProject
Project("{2150E333-8FDC-42A3-9474-1A3956D46DE8}") = "1.4 Data-Access", "1.4 Data-Access", "{E48AFC8A-0C0C-490C-8BE6-2331D912F41E}"
EndProject
Project("{FAE04EC0-301F-11D3-BF4B-00C04F79EFBC}") = "Core.Api.DataAccess", "Core.Api.DataAccess\Core.Api.DataAccess.csproj", "{4971811E-059F-4843-AC3B-09D1C9CAB421}"
EndProject
Project("{2150E333-8FDC-42A3-9474-1A3956D46DE8}") = "1.1 Distributed-Services", "1.1 Distributed-Services", "{15140C9E-DC11-43E7-8606-DF0294FB7A25}"
EndProject
Project("{2150E333-8FDC-42A3-9474-1A3956D46DE8}") = "1.2 Applications", "1.2 Applications", "{A223D755-7DB3-44C0-A1F2-094BF271D1AC}"
EndProject
Project("{2150E333-8FDC-42A3-9474-1A3956D46DE8}") = "1.3 Business", "1.3 Business", "{56C01E8E-FE42-474F-B4ED-6D81CD018B29}"
EndProject
Project("{2150E333-8FDC-42A3-9474-1A3956D46DE8}") = "1.5 Cross-Cutting", "1.5 Cross-Cutting", "{BAAF6E57-54AA-412C-889F-49F9D3B8237E}"
EndProject
Project("{FAE04EC0-301F-11D3-BF4B-00C04F79EFBC}") = "Core.Api.Business", "Core.Api.Business\Core.Api.Business.csproj", "{8A911DFA-22AC-425C-BAE6-56BCB4D2E7BC}"
EndProject
Project("{FAE04EC0-301F-11D3-BF4B-00C04F79EFBC}") = "Core.Api.Application", "Core.Api.Application\Core.Api.Application.csproj", "{51DDAE27-614D-42CC-B0BD-4659960F6A83}"
EndProject
Project("{FAE04EC0-301F-11D3-BF4B-00C04F79EFBC}") = "Core.Api.Application.Contract", "Core.Api.Application.Contract\Core.Api.Application.Contract.csproj", "{41092A2D-B2C0-4C27-BB4A-3E39A080B889}"
EndProject
Project("{FAE04EC0-301F-11D3-BF4B-00C04F79EFBC}") = "Core.Api.Security", "Core.Api.Security\Core.Api.Security.csproj", "{399E23E5-1114-424D-8303-89CE8ADAA131}"
EndProject
Project("{FAE04EC0-301F-11D3-BF4B-00C04F79EFBC}") = "Core.Api.CrossCutting", "Core.Api.CrossCutting\Core.Api.CrossCutting.csproj", "{7F86A2E8-8FDD-4344-9594-E2D456BB98A3}"
EndProject
Global
	GlobalSection(SolutionConfigurationPlatforms) = preSolution
		Debug|Any CPU = Debug|Any CPU
		Release|Any CPU = Release|Any CPU
	EndGlobalSection
	GlobalSection(ProjectConfigurationPlatforms) = postSolution
		{18467602-842F-4CFC-9F64-DEF5B0DCC4CF}.Debug|Any CPU.ActiveCfg = Debug|Any CPU
		{18467602-842F-4CFC-9F64-DEF5B0DCC4CF}.Debug|Any CPU.Build.0 = Debug|Any CPU
		{18467602-842F-4CFC-9F64-DEF5B0DCC4CF}.Release|Any CPU.ActiveCfg = Release|Any CPU
		{18467602-842F-4CFC-9F64-DEF5B0DCC4CF}.Release|Any CPU.Build.0 = Release|Any CPU
		{4971811E-059F-4843-AC3B-09D1C9CAB421}.Debug|Any CPU.ActiveCfg = Debug|Any CPU
		{4971811E-059F-4843-AC3B-09D1C9CAB421}.Debug|Any CPU.Build.0 = Debug|Any CPU
		{4971811E-059F-4843-AC3B-09D1C9CAB421}.Release|Any CPU.ActiveCfg = Release|Any CPU
		{4971811E-059F-4843-AC3B-09D1C9CAB421}.Release|Any CPU.Build.0 = Release|Any CPU
		{8A911DFA-22AC-425C-BAE6-56BCB4D2E7BC}.Debug|Any CPU.ActiveCfg = Debug|Any CPU
		{8A911DFA-22AC-425C-BAE6-56BCB4D2E7BC}.Debug|Any CPU.Build.0 = Debug|Any CPU
		{8A911DFA-22AC-425C-BAE6-56BCB4D2E7BC}.Release|Any CPU.ActiveCfg = Release|Any CPU
		{8A911DFA-22AC-425C-BAE6-56BCB4D2E7BC}.Release|Any CPU.Build.0 = Release|Any CPU
		{51DDAE27-614D-42CC-B0BD-4659960F6A83}.Debug|Any CPU.ActiveCfg = Debug|Any CPU
		{51DDAE27-614D-42CC-B0BD-4659960F6A83}.Debug|Any CPU.Build.0 = Debug|Any CPU
		{51DDAE27-614D-42CC-B0BD-4659960F6A83}.Release|Any CPU.ActiveCfg = Release|Any CPU
		{51DDAE27-614D-42CC-B0BD-4659960F6A83}.Release|Any CPU.Build.0 = Release|Any CPU
		{41092A2D-B2C0-4C27-BB4A-3E39A080B889}.Debug|Any CPU.ActiveCfg = Debug|Any CPU
		{41092A2D-B2C0-4C27-BB4A-3E39A080B889}.Debug|Any CPU.Build.0 = Debug|Any CPU
		{41092A2D-B2C0-4C27-BB4A-3E39A080B889}.Release|Any CPU.ActiveCfg = Release|Any CPU
		{41092A2D-B2C0-4C27-BB4A-3E39A080B889}.Release|Any CPU.Build.0 = Release|Any CPU
		{399E23E5-1114-424D-8303-89CE8ADAA131}.Debug|Any CPU.ActiveCfg = Debug|Any CPU
		{399E23E5-1114-424D-8303-89CE8ADAA131}.Debug|Any CPU.Build.0 = Debug|Any CPU
		{399E23E5-1114-424D-8303-89CE8ADAA131}.Release|Any CPU.ActiveCfg = Release|Any CPU
		{399E23E5-1114-424D-8303-89CE8ADAA131}.Release|Any CPU.Build.0 = Release|Any CPU
		{7F86A2E8-8FDD-4344-9594-E2D456BB98A3}.Debug|Any CPU.ActiveCfg = Debug|Any CPU
		{7F86A2E8-8FDD-4344-9594-E2D456BB98A3}.Debug|Any CPU.Build.0 = Debug|Any CPU
		{7F86A2E8-8FDD-4344-9594-E2D456BB98A3}.Release|Any CPU.ActiveCfg = Release|Any CPU
		{7F86A2E8-8FDD-4344-9594-E2D456BB98A3}.Release|Any CPU.Build.0 = Release|Any CPU
	EndGlobalSection
	GlobalSection(SolutionProperties) = preSolution
		HideSolutionNode = FALSE
	EndGlobalSection
	GlobalSection(NestedProjects) = preSolution
		{18467602-842F-4CFC-9F64-DEF5B0DCC4CF} = {E48AFC8A-0C0C-490C-8BE6-2331D912F41E}
		{D64FC64C-2650-4E94-99D3-0BD4F514C118} = {A53BEDBE-1683-40FE-A9F1-F0019CA2FCD5}
		{E48AFC8A-0C0C-490C-8BE6-2331D912F41E} = {D64FC64C-2650-4E94-99D3-0BD4F514C118}
		{4971811E-059F-4843-AC3B-09D1C9CAB421} = {E48AFC8A-0C0C-490C-8BE6-2331D912F41E}
		{15140C9E-DC11-43E7-8606-DF0294FB7A25} = {D64FC64C-2650-4E94-99D3-0BD4F514C118}
		{A223D755-7DB3-44C0-A1F2-094BF271D1AC} = {D64FC64C-2650-4E94-99D3-0BD4F514C118}
		{56C01E8E-FE42-474F-B4ED-6D81CD018B29} = {D64FC64C-2650-4E94-99D3-0BD4F514C118}
		{BAAF6E57-54AA-412C-889F-49F9D3B8237E} = {D64FC64C-2650-4E94-99D3-0BD4F514C118}
		{8A911DFA-22AC-425C-BAE6-56BCB4D2E7BC} = {56C01E8E-FE42-474F-B4ED-6D81CD018B29}
		{51DDAE27-614D-42CC-B0BD-4659960F6A83} = {A223D755-7DB3-44C0-A1F2-094BF271D1AC}
		{41092A2D-B2C0-4C27-BB4A-3E39A080B889} = {A223D755-7DB3-44C0-A1F2-094BF271D1AC}
		{399E23E5-1114-424D-8303-89CE8ADAA131} = {15140C9E-DC11-43E7-8606-DF0294FB7A25}
		{7F86A2E8-8FDD-4344-9594-E2D456BB98A3} = {BAAF6E57-54AA-412C-889F-49F9D3B8237E}
	EndGlobalSection
	GlobalSection(ExtensibilityGlobals) = postSolution
		SolutionGuid = {A1F79B2C-3450-49FB-B31E-D19A101519E8}
	EndGlobalSection
EndGlobal
